
Microsoft Visual Studio Solution File, Format Version 12.00
# Visual Studio Version 16
VisualStudioVersion = 16.0.31410.357
MinimumVisualStudioVersion = 10.0.40219.1
Project("{FAE04EC0-301F-11D3-BF4B-00C04F79EFBC}") = "ExercicsesEstruturaFor", "ExercicsesEstruturaFor\ExercicsesEstruturaFor.csproj", "{4ACEE0E9-6D53-4556-9D61-588EFD13043D}"
EndProject
Global
	GlobalSection(SolutionConfigurationPlatforms) = preSolution
		Debug|Any CPU = Debug|Any CPU
		Release|Any CPU = Release|Any CPU
	EndGlobalSection
	GlobalSection(ProjectConfigurationPlatforms) = postSolution
		{4ACEE0E9-6D53-4556-9D61-588EFD13043D}.Debug|Any CPU.ActiveCfg = Debug|Any CPU
		{4ACEE0E9-6D53-4556-9D61-588EFD13043D}.Debug|Any CPU.Build.0 = Debug|Any CPU
		{4ACEE0E9-6D53-4556-9D61-588EFD13043D}.Release|Any CPU.ActiveCfg = Release|Any CPU
		{4ACEE0E9-6D53-4556-9D61-588EFD13043D}.Release|Any CPU.Build.0 = Release|Any CPU
	EndGlobalSection
	GlobalSection(SolutionProperties) = preSolution
		HideSolutionNode = FALSE
	EndGlobalSection
	GlobalSection(ExtensibilityGlobals) = postSolution
		SolutionGuid = {4297A23C-A4F0-49E6-85FC-0F7B8DF7F91B}
	EndGlobalSection
EndGlobal
