
Microsoft Visual Studio Solution File, Format Version 12.00
# Visual Studio Version 16
VisualStudioVersion = 16.0.31410.357
MinimumVisualStudioVersion = 10.0.40219.1
Project("{FAE04EC0-301F-11D3-BF4B-00C04F79EFBC}") = "CourseNelioAlves", "CourseNelioAlves\CourseNelioAlves.csproj", "{FBAE6ECC-E119-4F62-91DA-6ABFFBE2CF58}"
EndProject
Global
	GlobalSection(SolutionConfigurationPlatforms) = preSolution
		Debug|Any CPU = Debug|Any CPU
		Release|Any CPU = Release|Any CPU
	EndGlobalSection
	GlobalSection(ProjectConfigurationPlatforms) = postSolution
		{FBAE6ECC-E119-4F62-91DA-6ABFFBE2CF58}.Debug|Any CPU.ActiveCfg = Debug|Any CPU
		{FBAE6ECC-E119-4F62-91DA-6ABFFBE2CF58}.Debug|Any CPU.Build.0 = Debug|Any CPU
		{FBAE6ECC-E119-4F62-91DA-6ABFFBE2CF58}.Release|Any CPU.ActiveCfg = Release|Any CPU
		{FBAE6ECC-E119-4F62-91DA-6ABFFBE2CF58}.Release|Any CPU.Build.0 = Release|Any CPU
	EndGlobalSection
	GlobalSection(SolutionProperties) = preSolution
		HideSolutionNode = FALSE
	EndGlobalSection
	GlobalSection(ExtensibilityGlobals) = postSolution
		SolutionGuid = {F03BF305-6264-4045-B080-223ED8F1A0AF}
	EndGlobalSection
EndGlobal
